
Microsoft Visual Studio Solution File, Format Version 12.00
# Visual Studio 15
VisualStudioVersion = 15.0.26430.14
MinimumVisualStudioVersion = 10.0.40219.1
Project("{FAE04EC0-301F-11D3-BF4B-00C04F79EFBC}") = "MyTasks", "MyTasks\MyTasks.csproj", "{6997CD37-F748-4C6A-974E-BF71C1A467C4}"
EndProject
Project("{FAE04EC0-301F-11D3-BF4B-00C04F79EFBC}") = "MyTasks.Tests", "MyTasks.Tests\MyTasks.Tests.csproj", "{4CC6DBA5-5157-41B3-A5DE-172A079B965B}"
EndProject
Project("{FAE04EC0-301F-11D3-BF4B-00C04F79EFBC}") = "MyTasks.Data", "MyTasks.Data\MyTasks.Data.csproj", "{8FA86D1C-8695-42CF-B4F8-EE4E7F25AA91}"
EndProject
Global
	GlobalSection(SolutionConfigurationPlatforms) = preSolution
		Debug|Any CPU = Debug|Any CPU
		Release|Any CPU = Release|Any CPU
	EndGlobalSection
	GlobalSection(ProjectConfigurationPlatforms) = postSolution
		{6997CD37-F748-4C6A-974E-BF71C1A467C4}.Debug|Any CPU.ActiveCfg = Debug|Any CPU
		{6997CD37-F748-4C6A-974E-BF71C1A467C4}.Debug|Any CPU.Build.0 = Debug|Any CPU
		{6997CD37-F748-4C6A-974E-BF71C1A467C4}.Release|Any CPU.ActiveCfg = Release|Any CPU
		{6997CD37-F748-4C6A-974E-BF71C1A467C4}.Release|Any CPU.Build.0 = Release|Any CPU
		{4CC6DBA5-5157-41B3-A5DE-172A079B965B}.Debug|Any CPU.ActiveCfg = Debug|Any CPU
		{4CC6DBA5-5157-41B3-A5DE-172A079B965B}.Debug|Any CPU.Build.0 = Debug|Any CPU
		{4CC6DBA5-5157-41B3-A5DE-172A079B965B}.Release|Any CPU.ActiveCfg = Release|Any CPU
		{4CC6DBA5-5157-41B3-A5DE-172A079B965B}.Release|Any CPU.Build.0 = Release|Any CPU
		{8FA86D1C-8695-42CF-B4F8-EE4E7F25AA91}.Debug|Any CPU.ActiveCfg = Debug|Any CPU
		{8FA86D1C-8695-42CF-B4F8-EE4E7F25AA91}.Debug|Any CPU.Build.0 = Debug|Any CPU
		{8FA86D1C-8695-42CF-B4F8-EE4E7F25AA91}.Release|Any CPU.ActiveCfg = Release|Any CPU
		{8FA86D1C-8695-42CF-B4F8-EE4E7F25AA91}.Release|Any CPU.Build.0 = Release|Any CPU
	EndGlobalSection
	GlobalSection(SolutionProperties) = preSolution
		HideSolutionNode = FALSE
	EndGlobalSection
EndGlobal
